
Microsoft Visual Studio Solution File, Format Version 12.00
# Visual Studio Version 17
VisualStudioVersion = 17.0.31903.59
MinimumVisualStudioVersion = 10.0.40219.1
Project("{FAE04EC0-301F-11D3-BF4B-00C04F79EFBC}") = "DiningPhilosophers.Contracts", "DiningPhilosophers.Contracts\DiningPhilosophers.Contracts.csproj", "{F074B146-29DF-4E05-A5C7-070114CB47B5}"
EndProject
Project("{FAE04EC0-301F-11D3-BF4B-00C04F79EFBC}") = "DiningPhilosophers.TableService", "DiningPhilosophers.TableService\DiningPhilosophers.TableService.csproj", "{44958C8A-DC11-4719-A562-37DB738823AF}"
EndProject
Project("{FAE04EC0-301F-11D3-BF4B-00C04F79EFBC}") = "DiningPhilosophers.PhilosopherService", "DiningPhilosophers.PhilosopherService\DiningPhilosophers.PhilosopherService.csproj", "{4838DFD3-3BF0-44EF-AC82-BEA0FE1D751A}"
EndProject
Global
	GlobalSection(SolutionConfigurationPlatforms) = preSolution
		Debug|Any CPU = Debug|Any CPU
		Debug|x64 = Debug|x64
		Debug|x86 = Debug|x86
		Release|Any CPU = Release|Any CPU
		Release|x64 = Release|x64
		Release|x86 = Release|x86
	EndGlobalSection
	GlobalSection(ProjectConfigurationPlatforms) = postSolution
		{F074B146-29DF-4E05-A5C7-070114CB47B5}.Debug|Any CPU.ActiveCfg = Debug|Any CPU
		{F074B146-29DF-4E05-A5C7-070114CB47B5}.Debug|Any CPU.Build.0 = Debug|Any CPU
		{F074B146-29DF-4E05-A5C7-070114CB47B5}.Debug|x64.ActiveCfg = Debug|Any CPU
		{F074B146-29DF-4E05-A5C7-070114CB47B5}.Debug|x64.Build.0 = Debug|Any CPU
		{F074B146-29DF-4E05-A5C7-070114CB47B5}.Debug|x86.ActiveCfg = Debug|Any CPU
		{F074B146-29DF-4E05-A5C7-070114CB47B5}.Debug|x86.Build.0 = Debug|Any CPU
		{F074B146-29DF-4E05-A5C7-070114CB47B5}.Release|Any CPU.ActiveCfg = Release|Any CPU
		{F074B146-29DF-4E05-A5C7-070114CB47B5}.Release|Any CPU.Build.0 = Release|Any CPU
		{F074B146-29DF-4E05-A5C7-070114CB47B5}.Release|x64.ActiveCfg = Release|Any CPU
		{F074B146-29DF-4E05-A5C7-070114CB47B5}.Release|x64.Build.0 = Release|Any CPU
		{F074B146-29DF-4E05-A5C7-070114CB47B5}.Release|x86.ActiveCfg = Release|Any CPU
		{F074B146-29DF-4E05-A5C7-070114CB47B5}.Release|x86.Build.0 = Release|Any CPU
		{44958C8A-DC11-4719-A562-37DB738823AF}.Debug|Any CPU.ActiveCfg = Debug|Any CPU
		{44958C8A-DC11-4719-A562-37DB738823AF}.Debug|Any CPU.Build.0 = Debug|Any CPU
		{44958C8A-DC11-4719-A562-37DB738823AF}.Debug|x64.ActiveCfg = Debug|Any CPU
		{44958C8A-DC11-4719-A562-37DB738823AF}.Debug|x64.Build.0 = Debug|Any CPU
		{44958C8A-DC11-4719-A562-37DB738823AF}.Debug|x86.ActiveCfg = Debug|Any CPU
		{44958C8A-DC11-4719-A562-37DB738823AF}.Debug|x86.Build.0 = Debug|Any CPU
		{44958C8A-DC11-4719-A562-37DB738823AF}.Release|Any CPU.ActiveCfg = Release|Any CPU
		{44958C8A-DC11-4719-A562-37DB738823AF}.Release|Any CPU.Build.0 = Release|Any CPU
		{44958C8A-DC11-4719-A562-37DB738823AF}.Release|x64.ActiveCfg = Release|Any CPU
		{44958C8A-DC11-4719-A562-37DB738823AF}.Release|x64.Build.0 = Release|Any CPU
		{44958C8A-DC11-4719-A562-37DB738823AF}.Release|x86.ActiveCfg = Release|Any CPU
		{44958C8A-DC11-4719-A562-37DB738823AF}.Release|x86.Build.0 = Release|Any CPU
		{4838DFD3-3BF0-44EF-AC82-BEA0FE1D751A}.Debug|Any CPU.ActiveCfg = Debug|Any CPU
		{4838DFD3-3BF0-44EF-AC82-BEA0FE1D751A}.Debug|Any CPU.Build.0 = Debug|Any CPU
		{4838DFD3-3BF0-44EF-AC82-BEA0FE1D751A}.Debug|x64.ActiveCfg = Debug|Any CPU
		{4838DFD3-3BF0-44EF-AC82-BEA0FE1D751A}.Debug|x64.Build.0 = Debug|Any CPU
		{4838DFD3-3BF0-44EF-AC82-BEA0FE1D751A}.Debug|x86.ActiveCfg = Debug|Any CPU
		{4838DFD3-3BF0-44EF-AC82-BEA0FE1D751A}.Debug|x86.Build.0 = Debug|Any CPU
		{4838DFD3-3BF0-44EF-AC82-BEA0FE1D751A}.Release|Any CPU.ActiveCfg = Release|Any CPU
		{4838DFD3-3BF0-44EF-AC82-BEA0FE1D751A}.Release|Any CPU.Build.0 = Release|Any CPU
		{4838DFD3-3BF0-44EF-AC82-BEA0FE1D751A}.Release|x64.ActiveCfg = Release|Any CPU
		{4838DFD3-3BF0-44EF-AC82-BEA0FE1D751A}.Release|x64.Build.0 = Release|Any CPU
		{4838DFD3-3BF0-44EF-AC82-BEA0FE1D751A}.Release|x86.ActiveCfg = Release|Any CPU
		{4838DFD3-3BF0-44EF-AC82-BEA0FE1D751A}.Release|x86.Build.0 = Release|Any CPU
	EndGlobalSection
	GlobalSection(SolutionProperties) = preSolution
		HideSolutionNode = FALSE
	EndGlobalSection
EndGlobal
